
Microsoft Visual Studio Solution File, Format Version 11.00
# Visual Studio 2010
Project("{54435603-DBB4-11D2-8724-00A0C9A8B90C}") = "BoutiqueSetup", "BoutiqueSetup\BoutiqueSetup.vdproj", "{EB6A8512-5410-4513-B11A-DC11B2CB0C66}"
EndProject
Global
	GlobalSection(SolutionConfigurationPlatforms) = preSolution
		Debug|Default = Debug|Default
		Release|Default = Release|Default
	EndGlobalSection
	GlobalSection(ProjectConfigurationPlatforms) = postSolution
		{EB6A8512-5410-4513-B11A-DC11B2CB0C66}.Debug|Default.ActiveCfg = Debug
		{EB6A8512-5410-4513-B11A-DC11B2CB0C66}.Debug|Default.Build.0 = Debug
		{EB6A8512-5410-4513-B11A-DC11B2CB0C66}.Release|Default.ActiveCfg = Release
		{EB6A8512-5410-4513-B11A-DC11B2CB0C66}.Release|Default.Build.0 = Release
	EndGlobalSection
	GlobalSection(SolutionProperties) = preSolution
		HideSolutionNode = FALSE
	EndGlobalSection
EndGlobal
